#MicroXplorer Configuration settings - do not modify
ADC1.Channel-0\#ChannelRegularConversion=ADC_CHANNEL_14
ADC1.Channel-1\#ChannelRegularConversion=ADC_CHANNEL_15
ADC1.ClockPrescaler=ADC_CLOCK_SYNC_PCLK_DIV8
ADC1.ContinuousConvMode=ENABLE
ADC1.DMAContinuousRequests=ENABLE
ADC1.EOCSelection=ADC_EOC_SEQ_CONV
ADC1.IPParameters=Rank-0\#ChannelRegularConversion,master,Channel-0\#ChannelRegularConversion,SamplingTime-0\#ChannelRegularConversion,NbrOfConversionFlag,ContinuousConvMode,ClockPrescaler,Rank-1\#ChannelRegularConversion,Channel-1\#ChannelRegularConversion,SamplingTime-1\#ChannelRegularConversion,NbrOfConversion,EOCSelection,DMAContinuousRequests
ADC1.NbrOfConversion=2
ADC1.NbrOfConversionFlag=1
ADC1.Rank-0\#ChannelRegularConversion=1
ADC1.Rank-1\#ChannelRegularConversion=2
ADC1.SamplingTime-0\#ChannelRegularConversion=ADC_SAMPLETIME_480CYCLES
ADC1.SamplingTime-1\#ChannelRegularConversion=ADC_SAMPLETIME_480CYCLES
ADC1.master=1
Dma.ADC1.3.Direction=DMA_PERIPH_TO_MEMORY
Dma.ADC1.3.FIFOMode=DMA_FIFOMODE_DISABLE
Dma.ADC1.3.Instance=DMA2_Stream4
Dma.ADC1.3.MemDataAlignment=DMA_MDATAALIGN_HALFWORD
Dma.ADC1.3.MemInc=DMA_MINC_ENABLE
Dma.ADC1.3.Mode=DMA_CIRCULAR
Dma.ADC1.3.PeriphDataAlignment=DMA_PDATAALIGN_HALFWORD
Dma.ADC1.3.PeriphInc=DMA_PINC_DISABLE
Dma.ADC1.3.Priority=DMA_PRIORITY_LOW
Dma.ADC1.3.RequestParameters=Instance,Direction,PeriphInc,MemInc,PeriphDataAlignment,MemDataAlignment,Mode,Priority,FIFOMode
Dma.Request0=USART2_RX
Dma.Request1=USART3_RX
Dma.Request2=USART1_RX
Dma.Request3=ADC1
Dma.RequestsNb=4
Dma.USART1_RX.2.Direction=DMA_PERIPH_TO_MEMORY
Dma.USART1_RX.2.FIFOMode=DMA_FIFOMODE_DISABLE
Dma.USART1_RX.2.Instance=DMA2_Stream2
Dma.USART1_RX.2.MemDataAlignment=DMA_MDATAALIGN_BYTE
Dma.USART1_RX.2.MemInc=DMA_MINC_ENABLE
Dma.USART1_RX.2.Mode=DMA_CIRCULAR
Dma.USART1_RX.2.PeriphDataAlignment=DMA_PDATAALIGN_BYTE
Dma.USART1_RX.2.PeriphInc=DMA_PINC_DISABLE
Dma.USART1_RX.2.Priority=DMA_PRIORITY_HIGH
Dma.USART1_RX.2.RequestParameters=Instance,Direction,PeriphInc,MemInc,PeriphDataAlignment,MemDataAlignment,Mode,Priority,FIFOMode
Dma.USART2_RX.0.Direction=DMA_PERIPH_TO_MEMORY
Dma.USART2_RX.0.FIFOMode=DMA_FIFOMODE_DISABLE
Dma.USART2_RX.0.Instance=DMA1_Stream5
Dma.USART2_RX.0.MemDataAlignment=DMA_MDATAALIGN_BYTE
Dma.USART2_RX.0.MemInc=DMA_MINC_ENABLE
Dma.USART2_RX.0.Mode=DMA_CIRCULAR
Dma.USART2_RX.0.PeriphDataAlignment=DMA_PDATAALIGN_BYTE
Dma.USART2_RX.0.PeriphInc=DMA_PINC_DISABLE
Dma.USART2_RX.0.Priority=DMA_PRIORITY_HIGH
Dma.USART2_RX.0.RequestParameters=Instance,Direction,PeriphInc,MemInc,PeriphDataAlignment,MemDataAlignment,Mode,Priority,FIFOMode
Dma.USART3_RX.1.Direction=DMA_PERIPH_TO_MEMORY
Dma.USART3_RX.1.FIFOMode=DMA_FIFOMODE_DISABLE
Dma.USART3_RX.1.Instance=DMA1_Stream1
Dma.USART3_RX.1.MemDataAlignment=DMA_MDATAALIGN_BYTE
Dma.USART3_RX.1.MemInc=DMA_MINC_ENABLE
Dma.USART3_RX.1.Mode=DMA_CIRCULAR
Dma.USART3_RX.1.PeriphDataAlignment=DMA_PDATAALIGN_BYTE
Dma.USART3_RX.1.PeriphInc=DMA_PINC_DISABLE
Dma.USART3_RX.1.Priority=DMA_PRIORITY_HIGH
Dma.USART3_RX.1.RequestParameters=Instance,Direction,PeriphInc,MemInc,PeriphDataAlignment,MemDataAlignment,Mode,Priority,FIFOMode
File.Version=6
GPIO.groupedBy=Group By Peripherals
KeepUserPlacement=false
Mcu.Family=STM32F4
Mcu.IP0=ADC1
Mcu.IP1=DMA
Mcu.IP10=TIM4
Mcu.IP11=TIM5
Mcu.IP12=TIM6
Mcu.IP13=TIM7
Mcu.IP14=TIM9
Mcu.IP15=TIM10
Mcu.IP16=TIM12
Mcu.IP17=USART1
Mcu.IP18=USART2
Mcu.IP19=USART3
Mcu.IP2=I2C1
Mcu.IP3=I2C3
Mcu.IP4=NVIC
Mcu.IP5=RCC
Mcu.IP6=SYS
Mcu.IP7=TIM1
Mcu.IP8=TIM2
Mcu.IP9=TIM3
Mcu.IPNb=20
Mcu.Name=STM32F407V(E-G)Tx
Mcu.Package=LQFP100
Mcu.Pin0=PE6
Mcu.Pin1=PH0-OSC_IN
Mcu.Pin10=PC5
Mcu.Pin11=PE9
Mcu.Pin12=PB14
Mcu.Pin13=PD12
Mcu.Pin14=PC7
Mcu.Pin15=PC9
Mcu.Pin16=PA8
Mcu.Pin17=PA9
Mcu.Pin18=PA10
Mcu.Pin19=PA13
Mcu.Pin2=PH1-OSC_OUT
Mcu.Pin20=PA14
Mcu.Pin21=PA15
Mcu.Pin22=PC10
Mcu.Pin23=PC11
Mcu.Pin24=PD3
Mcu.Pin25=PD5
Mcu.Pin26=PD6
Mcu.Pin27=PB4
Mcu.Pin28=PB8
Mcu.Pin29=PB9
Mcu.Pin3=PA0-WKUP
Mcu.Pin30=VP_SYS_VS_Systick
Mcu.Pin31=VP_TIM2_VS_ClockSourceINT
Mcu.Pin32=VP_TIM3_VS_ClockSourceINT
Mcu.Pin33=VP_TIM4_VS_ClockSourceINT
Mcu.Pin34=VP_TIM5_VS_ClockSourceINT
Mcu.Pin35=VP_TIM6_VS_ClockSourceINT
Mcu.Pin36=VP_TIM7_VS_ClockSourceINT
Mcu.Pin37=VP_TIM9_VS_ClockSourceINT
Mcu.Pin38=VP_TIM10_VS_ClockSourceINT
Mcu.Pin4=PA1
Mcu.Pin5=PA2
Mcu.Pin6=PA3
Mcu.Pin7=PA4
Mcu.Pin8=PA5
Mcu.Pin9=PC4
Mcu.PinsNb=39
Mcu.ThirdPartyNb=0
Mcu.UserConstants=
Mcu.UserName=STM32F407VGTx
MxCube.Version=6.0.1
MxDb.Version=DB.6.0.0
NVIC.BusFault_IRQn=true\:0\:0\:false\:false\:true\:false\:false
NVIC.DMA1_Stream1_IRQn=true\:0\:0\:false\:false\:true\:false\:true
NVIC.DMA1_Stream5_IRQn=true\:0\:0\:false\:false\:true\:false\:true
NVIC.DMA2_Stream2_IRQn=true\:0\:0\:false\:false\:true\:false\:true
NVIC.DMA2_Stream4_IRQn=true\:0\:0\:false\:false\:true\:false\:true
NVIC.DebugMonitor_IRQn=true\:0\:0\:false\:false\:true\:false\:false
NVIC.EXTI3_IRQn=true\:0\:0\:false\:false\:true\:true\:true
NVIC.ForceEnableDMAVector=true
NVIC.HardFault_IRQn=true\:0\:0\:false\:false\:true\:false\:false
NVIC.MemoryManagement_IRQn=true\:0\:0\:false\:false\:true\:false\:false
NVIC.NonMaskableInt_IRQn=true\:0\:0\:false\:false\:true\:false\:false
NVIC.PendSV_IRQn=true\:0\:0\:false\:false\:true\:false\:false
NVIC.PriorityGroup=NVIC_PRIORITYGROUP_4
NVIC.SVCall_IRQn=true\:0\:0\:false\:false\:true\:false\:false
NVIC.SysTick_IRQn=true\:0\:0\:true\:false\:true\:false\:false
NVIC.TIM1_BRK_TIM9_IRQn=true\:0\:0\:false\:false\:true\:true\:true
NVIC.TIM1_CC_IRQn=true\:0\:0\:false\:false\:true\:true\:true
NVIC.TIM1_UP_TIM10_IRQn=true\:2\:0\:true\:false\:true\:true\:true
NVIC.TIM2_IRQn=true\:0\:0\:false\:false\:true\:true\:true
NVIC.TIM3_IRQn=true\:0\:0\:false\:false\:true\:true\:true
NVIC.TIM4_IRQn=true\:0\:0\:false\:false\:true\:true\:true
NVIC.TIM5_IRQn=true\:0\:0\:true\:false\:true\:true\:true
NVIC.TIM7_IRQn=true\:1\:0\:true\:false\:true\:true\:true
NVIC.UsageFault_IRQn=true\:0\:0\:false\:false\:true\:false\:false
PA0-WKUP.GPIOParameters=GPIO_PuPd
PA0-WKUP.GPIO_PuPd=GPIO_NOPULL
PA0-WKUP.Locked=true
PA0-WKUP.Signal=S_TIM5_CH1
PA1.GPIOParameters=GPIO_PuPd
PA1.GPIO_PuPd=GPIO_NOPULL
PA1.Signal=S_TIM2_CH2
PA10.GPIOParameters=GPIO_PuPd
PA10.GPIO_PuPd=GPIO_PULLUP
PA10.Mode=Asynchronous
PA10.Signal=USART1_RX
PA13.Locked=true
PA13.Mode=Serial_Wire
PA13.Signal=SYS_JTMS-SWDIO
PA14.Locked=true
PA14.Mode=Serial_Wire
PA14.Signal=SYS_JTCK-SWCLK
PA15.GPIOParameters=GPIO_PuPd
PA15.GPIO_PuPd=GPIO_NOPULL
PA15.Signal=S_TIM2_CH1_ETR
PA2.GPIOParameters=GPIO_PuPd
PA2.GPIO_PuPd=GPIO_NOPULL
PA2.Signal=S_TIM2_CH3
PA3.GPIOParameters=GPIO_PuPd
PA3.GPIO_PuPd=GPIO_NOPULL
PA3.Signal=S_TIM2_CH4
PA4.Locked=true
PA4.Signal=GPXTI4
PA5.Locked=true
PA5.Signal=GPIO_Output
PA8.Mode=I2C
PA8.Signal=I2C3_SCL
PA9.Mode=Asynchronous
PA9.Signal=USART1_TX
PB14.Signal=S_TIM12_CH1
PB4.GPIOParameters=GPIO_PuPd
PB4.GPIO_PuPd=GPIO_NOPULL
PB4.Locked=true
PB4.Signal=S_TIM3_CH1
PB8.Locked=true
PB8.Mode=I2C
PB8.Signal=I2C1_SCL
PB9.Locked=true
PB9.Mode=I2C
PB9.Signal=I2C1_SDA
PC10.Locked=true
PC10.Mode=Asynchronous
PC10.Signal=USART3_TX
PC11.Locked=true
PC11.Mode=Asynchronous
PC11.Signal=USART3_RX
PC4.Signal=ADCx_IN14
PC5.Locked=true
PC5.Signal=ADCx_IN15
PC7.GPIOParameters=GPIO_PuPd
PC7.GPIO_PuPd=GPIO_NOPULL
PC7.Locked=true
PC7.Signal=S_TIM3_CH2
PC9.Mode=I2C
PC9.Signal=I2C3_SDA
PD12.GPIOParameters=GPIO_PuPd
PD12.GPIO_PuPd=GPIO_NOPULL
PD12.Locked=true
PD12.Signal=S_TIM4_CH1
PD3.GPIOParameters=GPIO_PuPd,GPIO_Label,GPIO_ModeDefaultEXTI
PD3.GPIO_Label=RC_CH6
PD3.GPIO_ModeDefaultEXTI=GPIO_MODE_IT_RISING_FALLING
PD3.GPIO_PuPd=GPIO_PULLDOWN
PD3.Locked=true
PD3.Signal=GPXTI3
PD5.Locked=true
PD5.Mode=Asynchronous
PD5.Signal=USART2_TX
PD6.GPIOParameters=GPIO_PuPd
PD6.GPIO_PuPd=GPIO_PULLUP
PD6.Locked=true
PD6.Mode=Asynchronous
PD6.Signal=USART2_RX
PE6.GPIOParameters=GPIO_PuPd
PE6.GPIO_PuPd=GPIO_NOPULL
PE6.Locked=true
PE6.Signal=S_TIM9_CH2
PE9.Locked=true
PE9.Signal=S_TIM1_CH1
PH0-OSC_IN.Mode=HSE-External-Oscillator
PH0-OSC_IN.Signal=RCC_OSC_IN
PH1-OSC_OUT.Mode=HSE-External-Oscillator
PH1-OSC_OUT.Signal=RCC_OSC_OUT
PinOutPanel.RotationAngle=0
ProjectManager.AskForMigrate=true
ProjectManager.BackupPrevious=false
ProjectManager.CompilerOptimize=6
ProjectManager.ComputerToolchain=false
ProjectManager.CoupleFile=false
ProjectManager.CustomerFirmwarePackage=
ProjectManager.DefaultFWLocation=true
ProjectManager.DeletePrevious=true
ProjectManager.DeviceId=STM32F407VGTx
ProjectManager.FirmwarePackage=STM32Cube FW_F4 V1.25.0
ProjectManager.FreePins=false
ProjectManager.HalAssertFull=false
ProjectManager.HeapSize=0x200
ProjectManager.KeepUserCode=true
ProjectManager.LastFirmware=false
ProjectManager.LibraryCopy=1
ProjectManager.MainLocation=Core/Src
ProjectManager.NoMain=false
ProjectManager.PreviousToolchain=
ProjectManager.ProjectBuild=false
ProjectManager.ProjectFileName=F407-EFALCON.ioc
ProjectManager.ProjectName=F407-EFALCON
ProjectManager.RegisterCallBack=
ProjectManager.StackSize=0x400
ProjectManager.TargetToolchain=STM32CubeIDE
ProjectManager.ToolChainLocation=
ProjectManager.UnderRoot=true
ProjectManager.functionlistsort=1-MX_GPIO_Init-GPIO-false-HAL-true,2-MX_DMA_Init-DMA-false-HAL-true,3-SystemClock_Config-RCC-false-HAL-false,4-MX_I2C1_Init-I2C1-false-HAL-true,5-MX_USART1_UART_Init-USART1-false-HAL-true,6-MX_USART3_UART_Init-USART3-false-HAL-true,7-MX_USART2_UART_Init-USART2-false-HAL-true,8-MX_TIM3_Init-TIM3-false-HAL-true,9-MX_I2C3_Init-I2C3-false-HAL-true,10-MX_TIM2_Init-TIM2-false-HAL-true,11-MX_TIM4_Init-TIM4-false-HAL-true,12-MX_TIM5_Init-TIM5-false-HAL-true,13-MX_TIM9_Init-TIM9-false-HAL-true,14-MX_TIM7_Init-TIM7-false-HAL-true,15-MX_TIM6_Init-TIM6-false-HAL-true,16-MX_TIM10_Init-TIM10-false-HAL-true,17-MX_TIM1_Init-TIM1-false-HAL-true,18-MX_ADC1_Init-ADC1-false-HAL-true,19-MX_TIM12_Init-TIM12-false-HAL-true
RCC.48MHZClocksFreq_Value=84000000
RCC.AHBFreq_Value=168000000
RCC.APB1CLKDivider=RCC_HCLK_DIV8
RCC.APB1Freq_Value=21000000
RCC.APB1TimFreq_Value=42000000
RCC.APB2CLKDivider=RCC_HCLK_DIV8
RCC.APB2Freq_Value=21000000
RCC.APB2TimFreq_Value=42000000
RCC.CortexFreq_Value=168000000
RCC.EthernetFreq_Value=168000000
RCC.FCLKCortexFreq_Value=168000000
RCC.FamilyName=M
RCC.HCLKFreq_Value=168000000
RCC.HSE_VALUE=16000000
RCC.HSI_VALUE=16000000
RCC.I2SClocksFreq_Value=192000000
RCC.IPParameters=48MHZClocksFreq_Value,AHBFreq_Value,APB1CLKDivider,APB1Freq_Value,APB1TimFreq_Value,APB2CLKDivider,APB2Freq_Value,APB2TimFreq_Value,CortexFreq_Value,EthernetFreq_Value,FCLKCortexFreq_Value,FamilyName,HCLKFreq_Value,HSE_VALUE,HSI_VALUE,I2SClocksFreq_Value,LSE_VALUE,LSI_VALUE,MCO2PinFreq_Value,PLLCLKFreq_Value,PLLM,PLLN,PLLQCLKFreq_Value,RTCFreq_Value,RTCHSEDivFreq_Value,SYSCLKFreq_VALUE,SYSCLKSource,VCOI2SOutputFreq_Value,VCOInputFreq_Value,VCOOutputFreq_Value,VcooutputI2S
RCC.LSE_VALUE=32768
RCC.LSI_VALUE=32000
RCC.MCO2PinFreq_Value=168000000
RCC.PLLCLKFreq_Value=168000000
RCC.PLLM=8
RCC.PLLN=168
RCC.PLLQCLKFreq_Value=84000000
RCC.RTCFreq_Value=32000
RCC.RTCHSEDivFreq_Value=8000000
RCC.SYSCLKFreq_VALUE=168000000
RCC.SYSCLKSource=RCC_SYSCLKSOURCE_PLLCLK
RCC.VCOI2SOutputFreq_Value=384000000
RCC.VCOInputFreq_Value=2000000
RCC.VCOOutputFreq_Value=336000000
RCC.VcooutputI2S=192000000
SH.ADCx_IN14.0=ADC1_IN14,IN14
SH.ADCx_IN14.ConfNb=1
SH.ADCx_IN15.0=ADC1_IN15,IN15
SH.ADCx_IN15.ConfNb=1
SH.GPXTI3.0=GPIO_EXTI3
SH.GPXTI3.ConfNb=1
SH.GPXTI4.0=GPIO_EXTI4
SH.GPXTI4.ConfNb=1
SH.S_TIM12_CH1.0=TIM12_CH1,PWM Generation1 CH1
SH.S_TIM12_CH1.ConfNb=1
SH.S_TIM1_CH1.0=TIM1_CH1,Input_Capture1_from_TI1
SH.S_TIM1_CH1.ConfNb=1
SH.S_TIM2_CH1_ETR.0=TIM2_CH1,PWM Generation1 CH1
SH.S_TIM2_CH1_ETR.ConfNb=1
SH.S_TIM2_CH2.0=TIM2_CH2,PWM Generation2 CH2
SH.S_TIM2_CH2.ConfNb=1
SH.S_TIM2_CH3.0=TIM2_CH3,PWM Generation3 CH3
SH.S_TIM2_CH3.ConfNb=1
SH.S_TIM2_CH4.0=TIM2_CH4,PWM Generation4 CH4
SH.S_TIM2_CH4.ConfNb=1
SH.S_TIM3_CH1.0=TIM3_CH1,Input_Capture1_from_TI1
SH.S_TIM3_CH1.ConfNb=1
SH.S_TIM3_CH2.0=TIM3_CH2,Input_Capture2_from_TI2
SH.S_TIM3_CH2.ConfNb=1
SH.S_TIM4_CH1.0=TIM4_CH1,Input_Capture1_from_TI1
SH.S_TIM4_CH1.ConfNb=1
SH.S_TIM5_CH1.0=TIM5_CH1,Input_Capture1_from_TI1
SH.S_TIM5_CH1.ConfNb=1
SH.S_TIM9_CH2.0=TIM9_CH2,Input_Capture2_from_TI2
SH.S_TIM9_CH2.ConfNb=1
TIM1.Channel-Input_Capture1_from_TI1=TIM_CHANNEL_1
TIM1.IPParameters=Channel-Input_Capture1_from_TI1,Prescaler,Period
TIM1.Period=0xffff
TIM1.Prescaler=42 - 1
TIM10.IPParameters=Prescaler,Period
TIM10.Period=15 - 1
TIM10.Prescaler=42000 - 1
TIM12.Channel-PWM\ Generation1\ CH1=TIM_CHANNEL_1
TIM12.IPParameters=Channel-PWM Generation1 CH1,Prescaler,Period,Pulse-PWM Generation1 CH1
TIM12.Period=1000-1
TIM12.Prescaler=42-1
TIM12.Pulse-PWM\ Generation1\ CH1=7000
TIM2.Channel-PWM\ Generation1\ CH1=TIM_CHANNEL_1
TIM2.Channel-PWM\ Generation2\ CH2=TIM_CHANNEL_2
TIM2.Channel-PWM\ Generation3\ CH3=TIM_CHANNEL_3
TIM2.Channel-PWM\ Generation4\ CH4=TIM_CHANNEL_4
TIM2.IPParameters=Prescaler,Period,Channel-PWM Generation1 CH1,Channel-PWM Generation2 CH2,Channel-PWM Generation4 CH4,Pulse-PWM Generation1 CH1,Pulse-PWM Generation2 CH2,Pulse-PWM Generation4 CH4,Channel-PWM Generation3 CH3
TIM2.Period=20000 - 1
TIM2.Prescaler=42 - 1
TIM2.Pulse-PWM\ Generation1\ CH1=2000 - 1
TIM2.Pulse-PWM\ Generation2\ CH2=2000 - 1
TIM2.Pulse-PWM\ Generation4\ CH4=2000 - 1
TIM3.AutoReloadPreload=TIM_AUTORELOAD_PRELOAD_DISABLE
TIM3.Channel-Input_Capture1_from_TI1=TIM_CHANNEL_1
TIM3.Channel-Input_Capture2_from_TI2=TIM_CHANNEL_2
TIM3.IPParameters=Prescaler,Period,AutoReloadPreload,Channel-Input_Capture1_from_TI1,Channel-Input_Capture2_from_TI2
TIM3.Period=0xFFFF
TIM3.Prescaler=42 - 1
TIM4.Channel-Input_Capture1_from_TI1=TIM_CHANNEL_1
TIM4.IPParameters=Prescaler,Period,Channel-Input_Capture1_from_TI1
TIM4.Period=0xFFFF
TIM4.Prescaler=42 - 1
TIM5.Channel-Input_Capture1_from_TI1=TIM_CHANNEL_1
TIM5.IPParameters=Prescaler,Period,Channel-Input_Capture1_from_TI1
TIM5.Period=0xFFFF
TIM5.Prescaler=42 - 1
TIM6.IPParameters=Prescaler,Period
TIM6.Period=0xFFFF
TIM6.Prescaler=42 - 1
TIM7.IPParameters=Prescaler,Period
TIM7.Period=10
TIM7.Prescaler=42000 - 1
TIM9.Channel-Input_Capture2_from_TI2=TIM_CHANNEL_2
TIM9.IPParameters=Channel-Input_Capture2_from_TI2,Prescaler,Period
TIM9.Period=0xFFFF
TIM9.Prescaler=42 - 1
USART1.BaudRate=115200
USART1.IPParameters=VirtualMode,BaudRate
USART1.VirtualMode=VM_ASYNC
USART2.BaudRate=115200
USART2.IPParameters=VirtualMode,BaudRate
USART2.VirtualMode=VM_ASYNC
USART3.IPParameters=VirtualMode
USART3.VirtualMode=VM_ASYNC
VP_SYS_VS_Systick.Mode=SysTick
VP_SYS_VS_Systick.Signal=SYS_VS_Systick
VP_TIM10_VS_ClockSourceINT.Mode=Enable_Timer
VP_TIM10_VS_ClockSourceINT.Signal=TIM10_VS_ClockSourceINT
VP_TIM2_VS_ClockSourceINT.Mode=Internal
VP_TIM2_VS_ClockSourceINT.Signal=TIM2_VS_ClockSourceINT
VP_TIM3_VS_ClockSourceINT.Mode=Internal
VP_TIM3_VS_ClockSourceINT.Signal=TIM3_VS_ClockSourceINT
VP_TIM4_VS_ClockSourceINT.Mode=Internal
VP_TIM4_VS_ClockSourceINT.Signal=TIM4_VS_ClockSourceINT
VP_TIM5_VS_ClockSourceINT.Mode=Internal
VP_TIM5_VS_ClockSourceINT.Signal=TIM5_VS_ClockSourceINT
VP_TIM6_VS_ClockSourceINT.Mode=Enable_Timer
VP_TIM6_VS_ClockSourceINT.Signal=TIM6_VS_ClockSourceINT
VP_TIM7_VS_ClockSourceINT.Mode=Enable_Timer
VP_TIM7_VS_ClockSourceINT.Signal=TIM7_VS_ClockSourceINT
VP_TIM9_VS_ClockSourceINT.Mode=Internal
VP_TIM9_VS_ClockSourceINT.Signal=TIM9_VS_ClockSourceINT
board=custom
isbadioc=false
